
Microsoft Visual Studio Solution File, Format Version 12.00
# Visual Studio Version 17
VisualStudioVersion = 17.3.32519.111
MinimumVisualStudioVersion = 10.0.40219.1
Project("{9A19103F-16F7-4668-BE54-9A1E7A4F7556}") = "TaxCalc.Test", "TaxCalc.Test\TaxCalc.Test.csproj", "{A88C48E2-08B9-4D0A-A2DE-5AFDBFA0FB67}"
EndProject
Project("{9A19103F-16F7-4668-BE54-9A1E7A4F7556}") = "TaxCalc.TaxLogic", "TaxCalc.TaxLogic\TaxCalc.TaxLogic.csproj", "{77424330-F1A2-4A43-9C5D-915A80ECE891}"
EndProject
Project("{9A19103F-16F7-4668-BE54-9A1E7A4F7556}") = "TaxCalc.Web", "TaxCalc.Web\TaxCalc.Web.csproj", "{23FEA277-52BC-4EC7-A73F-FBCFDE76A4C7}"
EndProject
Project("{9A19103F-16F7-4668-BE54-9A1E7A4F7556}") = "TaxCalc.API", "TaxCalc.API\TaxCalc.API.csproj", "{63C7556A-B36A-47D9-B145-057A83C9A3C0}"
EndProject
Global
	GlobalSection(SolutionConfigurationPlatforms) = preSolution
		Debug|Any CPU = Debug|Any CPU
		Release|Any CPU = Release|Any CPU
	EndGlobalSection
	GlobalSection(ProjectConfigurationPlatforms) = postSolution
		{A88C48E2-08B9-4D0A-A2DE-5AFDBFA0FB67}.Debug|Any CPU.ActiveCfg = Debug|Any CPU
		{A88C48E2-08B9-4D0A-A2DE-5AFDBFA0FB67}.Debug|Any CPU.Build.0 = Debug|Any CPU
		{A88C48E2-08B9-4D0A-A2DE-5AFDBFA0FB67}.Release|Any CPU.ActiveCfg = Release|Any CPU
		{A88C48E2-08B9-4D0A-A2DE-5AFDBFA0FB67}.Release|Any CPU.Build.0 = Release|Any CPU
		{77424330-F1A2-4A43-9C5D-915A80ECE891}.Debug|Any CPU.ActiveCfg = Debug|Any CPU
		{77424330-F1A2-4A43-9C5D-915A80ECE891}.Debug|Any CPU.Build.0 = Debug|Any CPU
		{77424330-F1A2-4A43-9C5D-915A80ECE891}.Release|Any CPU.ActiveCfg = Release|Any CPU
		{77424330-F1A2-4A43-9C5D-915A80ECE891}.Release|Any CPU.Build.0 = Release|Any CPU
		{23FEA277-52BC-4EC7-A73F-FBCFDE76A4C7}.Debug|Any CPU.ActiveCfg = Debug|Any CPU
		{23FEA277-52BC-4EC7-A73F-FBCFDE76A4C7}.Debug|Any CPU.Build.0 = Debug|Any CPU
		{23FEA277-52BC-4EC7-A73F-FBCFDE76A4C7}.Release|Any CPU.ActiveCfg = Release|Any CPU
		{23FEA277-52BC-4EC7-A73F-FBCFDE76A4C7}.Release|Any CPU.Build.0 = Release|Any CPU
		{63C7556A-B36A-47D9-B145-057A83C9A3C0}.Debug|Any CPU.ActiveCfg = Debug|Any CPU
		{63C7556A-B36A-47D9-B145-057A83C9A3C0}.Debug|Any CPU.Build.0 = Debug|Any CPU
		{63C7556A-B36A-47D9-B145-057A83C9A3C0}.Release|Any CPU.ActiveCfg = Release|Any CPU
		{63C7556A-B36A-47D9-B145-057A83C9A3C0}.Release|Any CPU.Build.0 = Release|Any CPU
	EndGlobalSection
	GlobalSection(SolutionProperties) = preSolution
		HideSolutionNode = FALSE
	EndGlobalSection
	GlobalSection(ExtensibilityGlobals) = postSolution
		SolutionGuid = {3B31A30E-8DFC-40B2-A720-78F55DB2A4F6}
	EndGlobalSection
EndGlobal
